lockfileVersion: '9.0'

settings:
  autoInstallPeers: true
  excludeLinksFromLockfile: false

importers:

  .:
    dependencies:
      framer-motion:
        specifier: ^11.13.5
        version: 11.13.5
      gsap:
        specifier: ^3.12.5
        version: 3.12.5
      motion:
        specifier: ^11.13.5
        version: 11.13.5

packages:

  framer-motion@11.13.5:
    resolution: {integrity: sha512-rArI0zPU9VkpS3Wt0J7dmRxAFUWtzPWoSofNQAP0UO276CmJ+Xlf5xN19GMw3w2QsdrS2sU+0+Q2vtuz4IEZaw==}
    peerDependencies:
      '@emotion/is-prop-valid': '*'
      react: ^18.0.0 || ^19.0.0
      react-dom: ^18.0.0 || ^19.0.0
    peerDependenciesMeta:
      '@emotion/is-prop-valid':
        optional: true
      react:
        optional: true
      react-dom:
        optional: true

  gsap@3.12.5:
    resolution: {integrity: sha512-srBfnk4n+Oe/ZnMIOXt3gT605BX9x5+rh/prT2F1SsNJsU1XuMiP0E2aptW481OnonOGACZWBqseH5Z7csHxhQ==}

  motion-dom@11.13.0:
    resolution: {integrity: sha512-Oc1MLGJQ6nrvXccXA89lXtOqFyBmvHtaDcTRGT66o8Czl7nuA8BeHAd9MQV1pQKX0d2RHFBFaw5g3k23hQJt0w==}

  motion-utils@11.13.0:
    resolution: {integrity: sha512-lq6TzXkH5c/ysJQBxgLXgM01qwBH1b4goTPh57VvZWJbVJZF/0SB31UWEn4EIqbVPf3au88n2rvK17SpDTja1A==}

  motion@11.13.5:
    resolution: {integrity: sha512-zmX/dz60w1ZtQB5NP9xYkLcCKwX9gc+pnHp4/mFhD9YW8wUe2ZmT8OPOtrTtq26/huxElSDu3hB7BMTSJa5iIQ==}
    peerDependencies:
      '@emotion/is-prop-valid': '*'
      react: ^18.0.0
      react-dom: ^18.0.0
    peerDependenciesMeta:
      '@emotion/is-prop-valid':
        optional: true
      react:
        optional: true
      react-dom:
        optional: true

  tslib@2.8.1:
    resolution: {integrity: sha512-oJFu94HQb+KVduSUQL7wnpmqnfmLsOA/nAh6b6EH0wCEoK0/mPeXU6c3wKDV83MkOuHPRHtSXKKU99IBazS/2w==}

snapshots:

  framer-motion@11.13.5:
    dependencies:
      motion-dom: 11.13.0
      motion-utils: 11.13.0
      tslib: 2.8.1

  gsap@3.12.5: {}

  motion-dom@11.13.0: {}

  motion-utils@11.13.0: {}

  motion@11.13.5:
    dependencies:
      framer-motion: 11.13.5
      tslib: 2.8.1

  tslib@2.8.1: {}
